
Microsoft Visual Studio Solution File, Format Version 12.00
Project("{FAE04EC0-301F-11D3-BF4B-00C04F79EFBC}") = "BMP280API", "BMP280API.csproj", "{FC1372E2-F912-47E8-958F-AA1CD0E71E42}"
EndProject
Global
	GlobalSection(SolutionConfigurationPlatforms) = preSolution
		Debug|Any CPU = Debug|Any CPU
		Release|Any CPU = Release|Any CPU
	EndGlobalSection
	GlobalSection(ProjectConfigurationPlatforms) = postSolution
		{FC1372E2-F912-47E8-958F-AA1CD0E71E42}.Debug|Any CPU.ActiveCfg = Debug|Any CPU
		{FC1372E2-F912-47E8-958F-AA1CD0E71E42}.Debug|Any CPU.Build.0 = Debug|Any CPU
		{FC1372E2-F912-47E8-958F-AA1CD0E71E42}.Release|Any CPU.ActiveCfg = Release|Any CPU
		{FC1372E2-F912-47E8-958F-AA1CD0E71E42}.Release|Any CPU.Build.0 = Release|Any CPU
	EndGlobalSection
EndGlobal
